
Microsoft Visual Studio Solution File, Format Version 12.00
# Visual Studio Version 16
VisualStudioVersion = 25.0.1705.2
MinimumVisualStudioVersion = 10.0.40219.1
Project("{FAE04EC0-301F-11D3-BF4B-00C04F79EFBC}") = "lab5csharpfxq", "lab5csharpfxq\lab5csharpfxq.csproj", "{3DD0AFF8-2995-414A-AC85-A9EB8286D613}"
EndProject
Global
	GlobalSection(SolutionConfigurationPlatforms) = preSolution
		Debug|Any CPU = Debug|Any CPU
		Release|Any CPU = Release|Any CPU
	EndGlobalSection
	GlobalSection(ProjectConfigurationPlatforms) = postSolution
		{3DD0AFF8-2995-414A-AC85-A9EB8286D613}.Debug|Any CPU.ActiveCfg = Debug|Any CPU
		{3DD0AFF8-2995-414A-AC85-A9EB8286D613}.Debug|Any CPU.Build.0 = Debug|Any CPU
		{3DD0AFF8-2995-414A-AC85-A9EB8286D613}.Release|Any CPU.ActiveCfg = Release|Any CPU
		{3DD0AFF8-2995-414A-AC85-A9EB8286D613}.Release|Any CPU.Build.0 = Release|Any CPU
	EndGlobalSection
	GlobalSection(SolutionProperties) = preSolution
		HideSolutionNode = FALSE
	EndGlobalSection
	GlobalSection(ExtensibilityGlobals) = postSolution
		SolutionGuid = {FA9458DF-7903-428A-AFEA-7A6AFB818D8C}
	EndGlobalSection
EndGlobal
