
Microsoft Visual Studio Solution File, Format Version 12.00
# Visual Studio Version 16
VisualStudioVersion = 25.0.1705.2
MinimumVisualStudioVersion = 10.0.40219.1
Project("{FAE04EC0-301F-11D3-BF4B-00C04F79EFBC}") = "lab2scharpvar2fxq", "lab2scharpvar2fxq\lab2scharpvar2fxq.csproj", "{B92586B9-3D4B-49A5-8A69-05582B63A52B}"
EndProject
Global
	GlobalSection(SolutionConfigurationPlatforms) = preSolution
		Debug|Any CPU = Debug|Any CPU
		Release|Any CPU = Release|Any CPU
	EndGlobalSection
	GlobalSection(ProjectConfigurationPlatforms) = postSolution
		{B92586B9-3D4B-49A5-8A69-05582B63A52B}.Debug|Any CPU.ActiveCfg = Debug|Any CPU
		{B92586B9-3D4B-49A5-8A69-05582B63A52B}.Debug|Any CPU.Build.0 = Debug|Any CPU
		{B92586B9-3D4B-49A5-8A69-05582B63A52B}.Release|Any CPU.ActiveCfg = Release|Any CPU
		{B92586B9-3D4B-49A5-8A69-05582B63A52B}.Release|Any CPU.Build.0 = Release|Any CPU
	EndGlobalSection
	GlobalSection(SolutionProperties) = preSolution
		HideSolutionNode = FALSE
	EndGlobalSection
	GlobalSection(ExtensibilityGlobals) = postSolution
		SolutionGuid = {B2B4B7A0-843A-4955-A4C7-4D4A6AA99E88}
	EndGlobalSection
EndGlobal
